// !$*UTF8*$!
{
	archiveVersion = 1;
	classes = {
	};
	objectVersion = 50;
	objects = {

/* Begin PBXBuildFile section */
		59E6B71D1893C98B840CD79C /* libPods-MartianDemoApp.a in Frameworks */ = {isa = PBXBuildFile; fileRef = 1EC4BF9094E5B6EB9996906A /* libPods-MartianDemoApp.a */; };
		9C10BB6E2369810C00E4BE4A /* Array+Extension.swift in Sources */ = {isa = PBXBuildFile; fileRef = 9C10BB6D2369810B00E4BE4A /* Array+Extension.swift */; };
		9C1FBED32368256700FFADF7 /* AppDelegate.swift in Sources */ = {isa = PBXBuildFile; fileRef = 9C1FBED22368256700FFADF7 /* AppDelegate.swift */; };
		9C1FBED72368256700FFADF7 /* AlbumsViewController.swift in Sources */ = {isa = PBXBuildFile; fileRef = 9C1FBED62368256700FFADF7 /* AlbumsViewController.swift */; };
		9C1FBEDA2368256700FFADF7 /* Main.storyboard in Resources */ = {isa = PBXBuildFile; fileRef = 9C1FBED82368256700FFADF7 /* Main.storyboard */; };
		9C1FBEDD2368256700FFADF7 /* MartianDemoApp.xcdatamodeld in Sources */ = {isa = PBXBuildFile; fileRef = 9C1FBEDB2368256700FFADF7 /* MartianDemoApp.xcdatamodeld */; };
		9C1FBEE22368256A00FFADF7 /* LaunchScreen.storyboard in Resources */ = {isa = PBXBuildFile; fileRef = 9C1FBEE02368256A00FFADF7 /* LaunchScreen.storyboard */; };
		9C1FBEEA2368567D00FFADF7 /* PhotosViewController.swift in Sources */ = {isa = PBXBuildFile; fileRef = 9C1FBEE92368567D00FFADF7 /* PhotosViewController.swift */; };
		9C1FBEEC236858EF00FFADF7 /* AlbumsViewControllerDataSource.swift in Sources */ = {isa = PBXBuildFile; fileRef = 9C1FBEEB236858EF00FFADF7 /* AlbumsViewControllerDataSource.swift */; };
		9C1FBEEE23685A4800FFADF7 /* PhotosViewControllerDataSource.swift in Sources */ = {isa = PBXBuildFile; fileRef = 9C1FBEED23685A4800FFADF7 /* PhotosViewControllerDataSource.swift */; };
		9C1FBEF423685CB400FFADF7 /* ApiService.swift in Sources */ = {isa = PBXBuildFile; fileRef = 9C1FBEF323685CB400FFADF7 /* ApiService.swift */; };
		9C1FBEF623685CC600FFADF7 /* Network+Codable.swift in Sources */ = {isa = PBXBuildFile; fileRef = 9C1FBEF523685CC600FFADF7 /* Network+Codable.swift */; };
		9C1FBEF823685D7400FFADF7 /* Album.swift in Sources */ = {isa = PBXBuildFile; fileRef = 9C1FBEF723685D7400FFADF7 /* Album.swift */; };
		9C1FBEFA23685E2A00FFADF7 /* Photo.swift in Sources */ = {isa = PBXBuildFile; fileRef = 9C1FBEF923685E2A00FFADF7 /* Photo.swift */; };
		9C1FBEFC2368607800FFADF7 /* AlbumTableViewCell.swift in Sources */ = {isa = PBXBuildFile; fileRef = 9C1FBEFB2368607800FFADF7 /* AlbumTableViewCell.swift */; };
		9C1FBEFE2368618700FFADF7 /* PhotoCollectionViewCell.swift in Sources */ = {isa = PBXBuildFile; fileRef = 9C1FBEFD2368618700FFADF7 /* PhotoCollectionViewCell.swift */; };
		9C1FBF012368695E00FFADF7 /* Animate+UIView.swift in Sources */ = {isa = PBXBuildFile; fileRef = 9C1FBF002368695E00FFADF7 /* Animate+UIView.swift */; };
		9C46A076236AABE1005C206F /* AlbumRealm.swift in Sources */ = {isa = PBXBuildFile; fileRef = 9C46A075236AABE1005C206F /* AlbumRealm.swift */; };
		9C6789F52368BDFC0039FEA9 /* PhotoRealm.swift in Sources */ = {isa = PBXBuildFile; fileRef = 9C6789F42368BDFC0039FEA9 /* PhotoRealm.swift */; };
		9CB1D9F8236B7AB400652355 /* Assets.xcassets in Resources */ = {isa = PBXBuildFile; fileRef = 9CB1D9F7236B7AB400652355 /* Assets.xcassets */; };
		9CB1D9FB236B7DE700652355 /* SavePhotoViewController.swift in Sources */ = {isa = PBXBuildFile; fileRef = 9CB1D9FA236B7DE700652355 /* SavePhotoViewController.swift */; };
		9CB1D9FD236B7FCA00652355 /* SaveCollectionViewCell.swift in Sources */ = {isa = PBXBuildFile; fileRef = 9CB1D9FC236B7FCA00652355 /* SaveCollectionViewCell.swift */; };
		9CDAA910236AC146006452FD /* Realm+Extension.swift in Sources */ = {isa = PBXBuildFile; fileRef = 9CDAA90F236AC146006452FD /* Realm+Extension.swift */; };
/* End PBXBuildFile section */

/* Begin PBXFileReference section */
		1EC4BF9094E5B6EB9996906A /* libPods-MartianDemoApp.a */ = {isa = PBXFileReference; explicitFileType = archive.ar; includeInIndex = 0; path = "libPods-MartianDemoApp.a"; sourceTree = BUILT_PRODUCTS_DIR; };
		84B23148D377DA5DAF21552F /* Pods-MartianDemoApp.release.xcconfig */ = {isa = PBXFileReference; includeInIndex = 1; lastKnownFileType = text.xcconfig; name = "Pods-MartianDemoApp.release.xcconfig"; path = "Target Support Files/Pods-MartianDemoApp/Pods-MartianDemoApp.release.xcconfig"; sourceTree = "<group>"; };
		9C10BB6D2369810B00E4BE4A /* Array+Extension.swift */ = {isa = PBXFileReference; lastKnownFileType = sourcecode.swift; path = "Array+Extension.swift"; sourceTree = "<group>"; };
		9C1FBECF2368256700FFADF7 /* MartianDemoApp.app */ = {isa = PBXFileReference; explicitFileType = wrapper.application; includeInIndex = 0; path = MartianDemoApp.app; sourceTree = BUILT_PRODUCTS_DIR; };
		9C1FBED22368256700FFADF7 /* AppDelegate.swift */ = {isa = PBXFileReference; lastKnownFileType = sourcecode.swift; path = AppDelegate.swift; sourceTree = "<group>"; };
		9C1FBED62368256700FFADF7 /* AlbumsViewController.swift */ = {isa = PBXFileReference; lastKnownFileType = sourcecode.swift; path = AlbumsViewController.swift; sourceTree = "<group>"; };
		9C1FBED92368256700FFADF7 /* Base */ = {isa = PBXFileReference; lastKnownFileType = file.storyboard; name = Base; path = Base.lproj/Main.storyboard; sourceTree = "<group>"; };
		9C1FBEDC2368256700FFADF7 /* MartianDemoApp.xcdatamodel */ = {isa = PBXFileReference; lastKnownFileType = wrapper.xcdatamodel; path = MartianDemoApp.xcdatamodel; sourceTree = "<group>"; };
		9C1FBEE12368256A00FFADF7 /* Base */ = {isa = PBXFileReference; lastKnownFileType = file.storyboard; name = Base; path = Base.lproj/LaunchScreen.storyboard; sourceTree = "<group>"; };
		9C1FBEE32368256A00FFADF7 /* Info.plist */ = {isa = PBXFileReference; lastKnownFileType = text.plist.xml; path = Info.plist; sourceTree = "<group>"; };
		9C1FBEE92368567D00FFADF7 /* PhotosViewController.swift */ = {isa = PBXFileReference; lastKnownFileType = sourcecode.swift; path = PhotosViewController.swift; sourceTree = "<group>"; };
		9C1FBEEB236858EF00FFADF7 /* AlbumsViewControllerDataSource.swift */ = {isa = PBXFileReference; lastKnownFileType = sourcecode.swift; path = AlbumsViewControllerDataSource.swift; sourceTree = "<group>"; };
		9C1FBEED23685A4800FFADF7 /* PhotosViewControllerDataSource.swift */ = {isa = PBXFileReference; lastKnownFileType = sourcecode.swift; path = PhotosViewControllerDataSource.swift; sourceTree = "<group>"; };
		9C1FBEF323685CB400FFADF7 /* ApiService.swift */ = {isa = PBXFileReference; lastKnownFileType = sourcecode.swift; path = ApiService.swift; sourceTree = "<group>"; };
		9C1FBEF523685CC600FFADF7 /* Network+Codable.swift */ = {isa = PBXFileReference; lastKnownFileType = sourcecode.swift; path = "Network+Codable.swift"; sourceTree = "<group>"; };
		9C1FBEF723685D7400FFADF7 /* Album.swift */ = {isa = PBXFileReference; lastKnownFileType = sourcecode.swift; path = Album.swift; sourceTree = "<group>"; };
		9C1FBEF923685E2A00FFADF7 /* Photo.swift */ = {isa = PBXFileReference; lastKnownFileType = sourcecode.swift; path = Photo.swift; sourceTree = "<group>"; };
		9C1FBEFB2368607800FFADF7 /* AlbumTableViewCell.swift */ = {isa = PBXFileReference; lastKnownFileType = sourcecode.swift; path = AlbumTableViewCell.swift; sourceTree = "<group>"; };
		9C1FBEFD2368618700FFADF7 /* PhotoCollectionViewCell.swift */ = {isa = PBXFileReference; lastKnownFileType = sourcecode.swift; path = PhotoCollectionViewCell.swift; sourceTree = "<group>"; };
		9C1FBF002368695E00FFADF7 /* Animate+UIView.swift */ = {isa = PBXFileReference; lastKnownFileType = sourcecode.swift; path = "Animate+UIView.swift"; sourceTree = "<group>"; };
		9C46A075236AABE1005C206F /* AlbumRealm.swift */ = {isa = PBXFileReference; lastKnownFileType = sourcecode.swift; path = AlbumRealm.swift; sourceTree = "<group>"; };
		9C6789F42368BDFC0039FEA9 /* PhotoRealm.swift */ = {isa = PBXFileReference; lastKnownFileType = sourcecode.swift; path = PhotoRealm.swift; sourceTree = "<group>"; };
		9CB1D9F7236B7AB400652355 /* Assets.xcassets */ = {isa = PBXFileReference; lastKnownFileType = folder.assetcatalog; path = Assets.xcassets; sourceTree = "<group>"; };
		9CB1D9FA236B7DE700652355 /* SavePhotoViewController.swift */ = {isa = PBXFileReference; lastKnownFileType = sourcecode.swift; path = SavePhotoViewController.swift; sourceTree = "<group>"; };
		9CB1D9FC236B7FCA00652355 /* SaveCollectionViewCell.swift */ = {isa = PBXFileReference; lastKnownFileType = sourcecode.swift; path = SaveCollectionViewCell.swift; sourceTree = "<group>"; };
		9CDAA90F236AC146006452FD /* Realm+Extension.swift */ = {isa = PBXFileReference; lastKnownFileType = sourcecode.swift; path = "Realm+Extension.swift"; sourceTree = "<group>"; };
		EBE0E4C0F0B64CE8873762DF /* Pods-MartianDemoApp.debug.xcconfig */ = {isa = PBXFileReference; includeInIndex = 1; lastKnownFileType = text.xcconfig; name = "Pods-MartianDemoApp.debug.xcconfig"; path = "Target Support Files/Pods-MartianDemoApp/Pods-MartianDemoApp.debug.xcconfig"; sourceTree = "<group>"; };
/* End PBXFileReference section */

/* Begin PBXFrameworksBuildPhase section */
		9C1FBECC2368256700FFADF7 /* Frameworks */ = {
			isa = PBXFrameworksBuildPhase;
			buildActionMask = 2147483647;
			files = (
				59E6B71D1893C98B840CD79C /* libPods-MartianDemoApp.a in Frameworks */,
			);
			runOnlyForDeploymentPostprocessing = 0;
		};
/* End PBXFrameworksBuildPhase section */

/* Begin PBXGroup section */
		9C1FBEC62368256700FFADF7 = {
			isa = PBXGroup;
			children = (
				9C1FBED12368256700FFADF7 /* MartianDemoApp */,
				9C1FBED02368256700FFADF7 /* Products */,
				D77598F5BB357A18F81DD2EA /* Pods */,
				E95163793B289337E8A85A3C /* Frameworks */,
			);
			sourceTree = "<group>";
		};
		9C1FBED02368256700FFADF7 /* Products */ = {
			isa = PBXGroup;
			children = (
				9C1FBECF2368256700FFADF7 /* MartianDemoApp.app */,
			);
			name = Products;
			sourceTree = "<group>";
		};
		9C1FBED12368256700FFADF7 /* MartianDemoApp */ = {
			isa = PBXGroup;
			children = (
				9C1FBEFF2368693800FFADF7 /* Helpers */,
				9C1FBEF223685B1700FFADF7 /* Service */,
				9C1FBEF123685B0900FFADF7 /* Model */,
				9C1FBEEF23685AD500FFADF7 /* Album */,
				9C1FBEF023685AF800FFADF7 /* Photos */,
				9CB1D9F9236B7DB900652355 /* SavedPhoto */,
				9C1FBED22368256700FFADF7 /* AppDelegate.swift */,
				9C1FBED82368256700FFADF7 /* Main.storyboard */,
				9CB1D9F7236B7AB400652355 /* Assets.xcassets */,
				9C1FBEE02368256A00FFADF7 /* LaunchScreen.storyboard */,
				9C1FBEE32368256A00FFADF7 /* Info.plist */,
				9C1FBEDB2368256700FFADF7 /* MartianDemoApp.xcdatamodeld */,
			);
			path = MartianDemoApp;
			sourceTree = "<group>";
		};
		9C1FBEEF23685AD500FFADF7 /* Album */ = {
			isa = PBXGroup;
			children = (
				9C1FBEEB236858EF00FFADF7 /* AlbumsViewControllerDataSource.swift */,
				9C1FBED62368256700FFADF7 /* AlbumsViewController.swift */,
				9C1FBEFB2368607800FFADF7 /* AlbumTableViewCell.swift */,
			);
			path = Album;
			sourceTree = "<group>";
		};
		9C1FBEF023685AF800FFADF7 /* Photos */ = {
			isa = PBXGroup;
			children = (
				9C1FBEED23685A4800FFADF7 /* PhotosViewControllerDataSource.swift */,
				9C1FBEE92368567D00FFADF7 /* PhotosViewController.swift */,
				9C1FBEFD2368618700FFADF7 /* PhotoCollectionViewCell.swift */,
			);
			path = Photos;
			sourceTree = "<group>";
		};
		9C1FBEF123685B0900FFADF7 /* Model */ = {
			isa = PBXGroup;
			children = (
				9C1FBEF723685D7400FFADF7 /* Album.swift */,
				9C1FBEF923685E2A00FFADF7 /* Photo.swift */,
				9C46A075236AABE1005C206F /* AlbumRealm.swift */,
				9C6789F42368BDFC0039FEA9 /* PhotoRealm.swift */,
			);
			path = Model;
			sourceTree = "<group>";
		};
		9C1FBEF223685B1700FFADF7 /* Service */ = {
			isa = PBXGroup;
			children = (
				9C1FBEF323685CB400FFADF7 /* ApiService.swift */,
				9C1FBEF523685CC600FFADF7 /* Network+Codable.swift */,
			);
			path = Service;
			sourceTree = "<group>";
		};
		9C1FBEFF2368693800FFADF7 /* Helpers */ = {
			isa = PBXGroup;
			children = (
				9C1FBF002368695E00FFADF7 /* Animate+UIView.swift */,
				9C10BB6D2369810B00E4BE4A /* Array+Extension.swift */,
				9CDAA90F236AC146006452FD /* Realm+Extension.swift */,
			);
			path = Helpers;
			sourceTree = "<group>";
		};
		9CB1D9F9236B7DB900652355 /* SavedPhoto */ = {
			isa = PBXGroup;
			children = (
				9CB1D9FA236B7DE700652355 /* SavePhotoViewController.swift */,
				9CB1D9FC236B7FCA00652355 /* SaveCollectionViewCell.swift */,
			);
			path = SavedPhoto;
			sourceTree = "<group>";
		};
		D77598F5BB357A18F81DD2EA /* Pods */ = {
			isa = PBXGroup;
			children = (
				EBE0E4C0F0B64CE8873762DF /* Pods-MartianDemoApp.debug.xcconfig */,
				84B23148D377DA5DAF21552F /* Pods-MartianDemoApp.release.xcconfig */,
			);
			path = Pods;
			sourceTree = "<group>";
		};
		E95163793B289337E8A85A3C /* Frameworks */ = {
			isa = PBXGroup;
			children = (
				1EC4BF9094E5B6EB9996906A /* libPods-MartianDemoApp.a */,
			);
			name = Frameworks;
			sourceTree = "<group>";
		};
/* End PBXGroup section */

/* Begin PBXNativeTarget section */
		9C1FBECE2368256700FFADF7 /* MartianDemoApp */ = {
			isa = PBXNativeTarget;
			buildConfigurationList = 9C1FBEE62368256A00FFADF7 /* Build configuration list for PBXNativeTarget "MartianDemoApp" */;
			buildPhases = (
				3C2C72C504EAF6FA976277E3 /* [CP] Check Pods Manifest.lock */,
				9C1FBECB2368256700FFADF7 /* Sources */,
				9C1FBECC2368256700FFADF7 /* Frameworks */,
				9C1FBECD2368256700FFADF7 /* Resources */,
			);
			buildRules = (
			);
			dependencies = (
			);
			name = MartianDemoApp;
			productName = MartianDemoApp;
			productReference = 9C1FBECF2368256700FFADF7 /* MartianDemoApp.app */;
			productType = "com.apple.product-type.application";
		};
/* End PBXNativeTarget section */

/* Begin PBXProject section */
		9C1FBEC72368256700FFADF7 /* Project object */ = {
			isa = PBXProject;
			attributes = {
				LastSwiftUpdateCheck = 1100;
				LastUpgradeCheck = 1100;
				ORGANIZATIONNAME = "Marina Huber";
				TargetAttributes = {
					9C1FBECE2368256700FFADF7 = {
						CreatedOnToolsVersion = 11.0;
					};
				};
			};
			buildConfigurationList = 9C1FBECA2368256700FFADF7 /* Build configuration list for PBXProject "MartianDemoApp" */;
			compatibilityVersion = "Xcode 9.3";
			developmentRegion = en;
			hasScannedForEncodings = 0;
			knownRegions = (
				en,
				Base,
			);
			mainGroup = 9C1FBEC62368256700FFADF7;
			productRefGroup = 9C1FBED02368256700FFADF7 /* Products */;
			projectDirPath = "";
			projectRoot = "";
			targets = (
				9C1FBECE2368256700FFADF7 /* MartianDemoApp */,
			);
		};
/* End PBXProject section */

/* Begin PBXResourcesBuildPhase section */
		9C1FBECD2368256700FFADF7 /* Resources */ = {
			isa = PBXResourcesBuildPhase;
			buildActionMask = 2147483647;
			files = (
				9C1FBEE22368256A00FFADF7 /* LaunchScreen.storyboard in Resources */,
				9CB1D9F8236B7AB400652355 /* Assets.xcassets in Resources */,
				9C1FBEDA2368256700FFADF7 /* Main.storyboard in Resources */,
			);
			runOnlyForDeploymentPostprocessing = 0;
		};
/* End PBXResourcesBuildPhase section */

/* Begin PBXShellScriptBuildPhase section */
		3C2C72C504EAF6FA976277E3 /* [CP] Check Pods Manifest.lock */ = {
			isa = PBXShellScriptBuildPhase;
			buildActionMask = 2147483647;
			files = (
			);
			inputFileListPaths = (
			);
			inputPaths = (
				"${PODS_PODFILE_DIR_PATH}/Podfile.lock",
				"${PODS_ROOT}/Manifest.lock",
			);
			name = "[CP] Check Pods Manifest.lock";
			outputFileListPaths = (
			);
			outputPaths = (
				"$(DERIVED_FILE_DIR)/Pods-MartianDemoApp-checkManifestLockResult.txt",
			);
			runOnlyForDeploymentPostprocessing = 0;
			shellPath = /bin/sh;
			shellScript = "diff \"${PODS_PODFILE_DIR_PATH}/Podfile.lock\" \"${PODS_ROOT}/Manifest.lock\" > /dev/null\nif [ $? != 0 ] ; then\n    # print error to STDERR\n    echo \"error: The sandbox is not in sync with the Podfile.lock. Run 'pod install' or update your CocoaPods installation.\" >&2\n    exit 1\nfi\n# This output is used by Xcode 'outputs' to avoid re-running this script phase.\necho \"SUCCESS\" > \"${SCRIPT_OUTPUT_FILE_0}\"\n";
			showEnvVarsInLog = 0;
		};
/* End PBXShellScriptBuildPhase section */

/* Begin PBXSourcesBuildPhase section */
		9C1FBECB2368256700FFADF7 /* Sources */ = {
			isa = PBXSourcesBuildPhase;
			buildActionMask = 2147483647;
			files = (
				9C1FBF012368695E00FFADF7 /* Animate+UIView.swift in Sources */,
				9CB1D9FD236B7FCA00652355 /* SaveCollectionViewCell.swift in Sources */,
				9C1FBEEC236858EF00FFADF7 /* AlbumsViewControllerDataSource.swift in Sources */,
				9CB1D9FB236B7DE700652355 /* SavePhotoViewController.swift in Sources */,
				9C1FBEFE2368618700FFADF7 /* PhotoCollectionViewCell.swift in Sources */,
				9C1FBED72368256700FFADF7 /* AlbumsViewController.swift in Sources */,
				9C1FBEEE23685A4800FFADF7 /* PhotosViewControllerDataSource.swift in Sources */,
				9C1FBEFC2368607800FFADF7 /* AlbumTableViewCell.swift in Sources */,
				9C10BB6E2369810C00E4BE4A /* Array+Extension.swift in Sources */,
				9CDAA910236AC146006452FD /* Realm+Extension.swift in Sources */,
				9C6789F52368BDFC0039FEA9 /* PhotoRealm.swift in Sources */,
				9C1FBEEA2368567D00FFADF7 /* PhotosViewController.swift in Sources */,
				9C1FBEFA23685E2A00FFADF7 /* Photo.swift in Sources */,
				9C1FBEDD2368256700FFADF7 /* MartianDemoApp.xcdatamodeld in Sources */,
				9C1FBEF823685D7400FFADF7 /* Album.swift in Sources */,
				9C1FBEF423685CB400FFADF7 /* ApiService.swift in Sources */,
				9C46A076236AABE1005C206F /* AlbumRealm.swift in Sources */,
				9C1FBED32368256700FFADF7 /* AppDelegate.swift in Sources */,
				9C1FBEF623685CC600FFADF7 /* Network+Codable.swift in Sources */,
			);
			runOnlyForDeploymentPostprocessing = 0;
		};
/* End PBXSourcesBuildPhase section */

/* Begin PBXVariantGroup section */
		9C1FBED82368256700FFADF7 /* Main.storyboard */ = {
			isa = PBXVariantGroup;
			children = (
				9C1FBED92368256700FFADF7 /* Base */,
			);
			name = Main.storyboard;
			sourceTree = "<group>";
		};
		9C1FBEE02368256A00FFADF7 /* LaunchScreen.storyboard */ = {
			isa = PBXVariantGroup;
			children = (
				9C1FBEE12368256A00FFADF7 /* Base */,
			);
			name = LaunchScreen.storyboard;
			sourceTree = "<group>";
		};
/* End PBXVariantGroup section */

/* Begin XCBuildConfiguration section */
		9C1FBEE42368256A00FFADF7 /* Debug */ = {
			isa = XCBuildConfiguration;
			buildSettings = {
				ALWAYS_SEARCH_USER_PATHS = NO;
				CLANG_ANALYZER_NONNULL = YES;
				CLANG_ANALYZER_NUMBER_OBJECT_CONVERSION = YES_AGGRESSIVE;
				CLANG_CXX_LANGUAGE_STANDARD = "gnu++14";
				CLANG_CXX_LIBRARY = "libc++";
				CLANG_ENABLE_MODULES = YES;
				CLANG_ENABLE_OBJC_ARC = YES;
				CLANG_ENABLE_OBJC_WEAK = YES;
				CLANG_WARN_BLOCK_CAPTURE_AUTORELEASING = YES;
				CLANG_WARN_BOOL_CONVERSION = YES;
				CLANG_WARN_COMMA = YES;
				CLANG_WARN_CONSTANT_CONVERSION = YES;
				CLANG_WARN_DEPRECATED_OBJC_IMPLEMENTATIONS = YES;
				CLANG_WARN_DIRECT_OBJC_ISA_USAGE = YES_ERROR;
				CLANG_WARN_DOCUMENTATION_COMMENTS = YES;
				CLANG_WARN_EMPTY_BODY = YES;
				CLANG_WARN_ENUM_CONVERSION = YES;
				CLANG_WARN_INFINITE_RECURSION = YES;
				CLANG_WARN_INT_CONVERSION = YES;
				CLANG_WARN_NON_LITERAL_NULL_CONVERSION = YES;
				CLANG_WARN_OBJC_IMPLICIT_RETAIN_SELF = YES;
				CLANG_WARN_OBJC_LITERAL_CONVERSION = YES;
				CLANG_WARN_OBJC_ROOT_CLASS = YES_ERROR;
				CLANG_WARN_RANGE_LOOP_ANALYSIS = YES;
				CLANG_WARN_STRICT_PROTOTYPES = YES;
				CLANG_WARN_SUSPICIOUS_MOVE = YES;
				CLANG_WARN_UNGUARDED_AVAILABILITY = YES_AGGRESSIVE;
				CLANG_WARN_UNREACHABLE_CODE = YES;
				CLANG_WARN__DUPLICATE_METHOD_MATCH = YES;
				COPY_PHASE_STRIP = NO;
				DEBUG_INFORMATION_FORMAT = dwarf;
				ENABLE_STRICT_OBJC_MSGSEND = YES;
				ENABLE_TESTABILITY = YES;
				GCC_C_LANGUAGE_STANDARD = gnu11;
				GCC_DYNAMIC_NO_PIC = NO;
				GCC_NO_COMMON_BLOCKS = YES;
				GCC_OPTIMIZATION_LEVEL = 0;
				GCC_PREPROCESSOR_DEFINITIONS = (
					"DEBUG=1",
					"$(inherited)",
				);
				GCC_WARN_64_TO_32_BIT_CONVERSION = YES;
				GCC_WARN_ABOUT_RETURN_TYPE = YES_ERROR;
				GCC_WARN_UNDECLARED_SELECTOR = YES;
				GCC_WARN_UNINITIALIZED_AUTOS = YES_AGGRESSIVE;
				GCC_WARN_UNUSED_FUNCTION = YES;
				GCC_WARN_UNUSED_VARIABLE = YES;
				IPHONEOS_DEPLOYMENT_TARGET = 13.0;
				MTL_ENABLE_DEBUG_INFO = INCLUDE_SOURCE;
				MTL_FAST_MATH = YES;
				ONLY_ACTIVE_ARCH = YES;
				SDKROOT = iphoneos;
				SWIFT_ACTIVE_COMPILATION_CONDITIONS = DEBUG;
				SWIFT_OPTIMIZATION_LEVEL = "-Onone";
			};
			name = Debug;
		};
		9C1FBEE52368256A00FFADF7 /* Release */ = {
			isa = XCBuildConfiguration;
			buildSettings = {
				ALWAYS_SEARCH_USER_PATHS = NO;
				CLANG_ANALYZER_NONNULL = YES;
				CLANG_ANALYZER_NUMBER_OBJECT_CONVERSION = YES_AGGRESSIVE;
				CLANG_CXX_LANGUAGE_STANDARD = "gnu++14";
				CLANG_CXX_LIBRARY = "libc++";
				CLANG_ENABLE_MODULES = YES;
				CLANG_ENABLE_OBJC_ARC = YES;
				CLANG_ENABLE_OBJC_WEAK = YES;
				CLANG_WARN_BLOCK_CAPTURE_AUTORELEASING = YES;
				CLANG_WARN_BOOL_CONVERSION = YES;
				CLANG_WARN_COMMA = YES;
				CLANG_WARN_CONSTANT_CONVERSION = YES;
				CLANG_WARN_DEPRECATED_OBJC_IMPLEMENTATIONS = YES;
				CLANG_WARN_DIRECT_OBJC_ISA_USAGE = YES_ERROR;
				CLANG_WARN_DOCUMENTATION_COMMENTS = YES;
				CLANG_WARN_EMPTY_BODY = YES;
				CLANG_WARN_ENUM_CONVERSION = YES;
				CLANG_WARN_INFINITE_RECURSION = YES;
				CLANG_WARN_INT_CONVERSION = YES;
				CLANG_WARN_NON_LITERAL_NULL_CONVERSION = YES;
				CLANG_WARN_OBJC_IMPLICIT_RETAIN_SELF = YES;
				CLANG_WARN_OBJC_LITERAL_CONVERSION = YES;
				CLANG_WARN_OBJC_ROOT_CLASS = YES_ERROR;
				CLANG_WARN_RANGE_LOOP_ANALYSIS = YES;
				CLANG_WARN_STRICT_PROTOTYPES = YES;
				CLANG_WARN_SUSPICIOUS_MOVE = YES;
				CLANG_WARN_UNGUARDED_AVAILABILITY = YES_AGGRESSIVE;
				CLANG_WARN_UNREACHABLE_CODE = YES;
				CLANG_WARN__DUPLICATE_METHOD_MATCH = YES;
				COPY_PHASE_STRIP = NO;
				DEBUG_INFORMATION_FORMAT = "dwarf-with-dsym";
				ENABLE_NS_ASSERTIONS = NO;
				ENABLE_STRICT_OBJC_MSGSEND = YES;
				GCC_C_LANGUAGE_STANDARD = gnu11;
				GCC_NO_COMMON_BLOCKS = YES;
				GCC_WARN_64_TO_32_BIT_CONVERSION = YES;
				GCC_WARN_ABOUT_RETURN_TYPE = YES_ERROR;
				GCC_WARN_UNDECLARED_SELECTOR = YES;
				GCC_WARN_UNINITIALIZED_AUTOS = YES_AGGRESSIVE;
				GCC_WARN_UNUSED_FUNCTION = YES;
				GCC_WARN_UNUSED_VARIABLE = YES;
				IPHONEOS_DEPLOYMENT_TARGET = 13.0;
				MTL_ENABLE_DEBUG_INFO = NO;
				MTL_FAST_MATH = YES;
				SDKROOT = iphoneos;
				SWIFT_COMPILATION_MODE = wholemodule;
				SWIFT_OPTIMIZATION_LEVEL = "-O";
				VALIDATE_PRODUCT = YES;
			};
			name = Release;
		};
		9C1FBEE72368256A00FFADF7 /* Debug */ = {
			isa = XCBuildConfiguration;
			baseConfigurationReference = EBE0E4C0F0B64CE8873762DF /* Pods-MartianDemoApp.debug.xcconfig */;
			buildSettings = {
				ASSETCATALOG_COMPILER_APPICON_NAME = AppIcon;
				CODE_SIGN_STYLE = Automatic;
				DEVELOPMENT_TEAM = HBS2B82CVU;
				INFOPLIST_FILE = MartianDemoApp/Info.plist;
				IPHONEOS_DEPLOYMENT_TARGET = 13.0;
				LD_RUNPATH_SEARCH_PATHS = (
					"$(inherited)",
					"@executable_path/Frameworks",
				);
				PRODUCT_BUNDLE_IDENTIFIER = com.marinahuber.MartianDemoApp;
				PRODUCT_NAME = "$(TARGET_NAME)";
				SWIFT_VERSION = 5.0;
				TARGETED_DEVICE_FAMILY = "1,2";
			};
			name = Debug;
		};
		9C1FBEE82368256A00FFADF7 /* Release */ = {
			isa = XCBuildConfiguration;
			baseConfigurationReference = 84B23148D377DA5DAF21552F /* Pods-MartianDemoApp.release.xcconfig */;
			buildSettings = {
				ASSETCATALOG_COMPILER_APPICON_NAME = AppIcon;
				CODE_SIGN_STYLE = Automatic;
				DEVELOPMENT_TEAM = HBS2B82CVU;
				INFOPLIST_FILE = MartianDemoApp/Info.plist;
				IPHONEOS_DEPLOYMENT_TARGET = 13.0;
				LD_RUNPATH_SEARCH_PATHS = (
					"$(inherited)",
					"@executable_path/Frameworks",
				);
				PRODUCT_BUNDLE_IDENTIFIER = com.marinahuber.MartianDemoApp;
				PRODUCT_NAME = "$(TARGET_NAME)";
				SWIFT_VERSION = 5.0;
				TARGETED_DEVICE_FAMILY = "1,2";
			};
			name = Release;
		};
/* End XCBuildConfiguration section */

/* Begin XCConfigurationList section */
		9C1FBECA2368256700FFADF7 /* Build configuration list for PBXProject "MartianDemoApp" */ = {
			isa = XCConfigurationList;
			buildConfigurations = (
				9C1FBEE42368256A00FFADF7 /* Debug */,
				9C1FBEE52368256A00FFADF7 /* Release */,
			);
			defaultConfigurationIsVisible = 0;
			defaultConfigurationName = Release;
		};
		9C1FBEE62368256A00FFADF7 /* Build configuration list for PBXNativeTarget "MartianDemoApp" */ = {
			isa = XCConfigurationList;
			buildConfigurations = (
				9C1FBEE72368256A00FFADF7 /* Debug */,
				9C1FBEE82368256A00FFADF7 /* Release */,
			);
			defaultConfigurationIsVisible = 0;
			defaultConfigurationName = Release;
		};
/* End XCConfigurationList section */

/* Begin XCVersionGroup section */
		9C1FBEDB2368256700FFADF7 /* MartianDemoApp.xcdatamodeld */ = {
			isa = XCVersionGroup;
			children = (
				9C1FBEDC2368256700FFADF7 /* MartianDemoApp.xcdatamodel */,
			);
			currentVersion = 9C1FBEDC2368256700FFADF7 /* MartianDemoApp.xcdatamodel */;
			path = MartianDemoApp.xcdatamodeld;
			sourceTree = "<group>";
			versionGroupType = wrapper.xcdatamodel;
		};
/* End XCVersionGroup section */
	};
	rootObject = 9C1FBEC72368256700FFADF7 /* Project object */;
}
