// !$*UTF8*$!
{
	archiveVersion = 1;
	classes = {
	};
	objectVersion = 50;
	objects = {

/* Begin PBXBuildFile section */
		9C1FBED32368256700FFADF7 /* AppDelegate.swift in Sources */ = {isa = PBXBuildFile; fileRef = 9C1FBED22368256700FFADF7 /* AppDelegate.swift */; };
		9C1FBED52368256700FFADF7 /* SceneDelegate.swift in Sources */ = {isa = PBXBuildFile; fileRef = 9C1FBED42368256700FFADF7 /* SceneDelegate.swift */; };
		9C1FBED72368256700FFADF7 /* ViewController.swift in Sources */ = {isa = PBXBuildFile; fileRef = 9C1FBED62368256700FFADF7 /* ViewController.swift */; };
		9C1FBEDA2368256700FFADF7 /* Main.storyboard in Resources */ = {isa = PBXBuildFile; fileRef = 9C1FBED82368256700FFADF7 /* Main.storyboard */; };
		9C1FBEDD2368256700FFADF7 /* MartianDemoApp.xcdatamodeld in Sources */ = {isa = PBXBuildFile; fileRef = 9C1FBEDB2368256700FFADF7 /* MartianDemoApp.xcdatamodeld */; };
		9C1FBEDF2368256A00FFADF7 /* Assets.xcassets in Resources */ = {isa = PBXBuildFile; fileRef = 9C1FBEDE2368256A00FFADF7 /* Assets.xcassets */; };
		9C1FBEE22368256A00FFADF7 /* LaunchScreen.storyboard in Resources */ = {isa = PBXBuildFile; fileRef = 9C1FBEE02368256A00FFADF7 /* LaunchScreen.storyboard */; };
/* End PBXBuildFile section */

/* Begin PBXFileReference section */
		9C1FBECF2368256700FFADF7 /* MartianDemoApp.app */ = {isa = PBXFileReference; explicitFileType = wrapper.application; includeInIndex = 0; path = MartianDemoApp.app; sourceTree = BUILT_PRODUCTS_DIR; };
		9C1FBED22368256700FFADF7 /* AppDelegate.swift */ = {isa = PBXFileReference; lastKnownFileType = sourcecode.swift; path = AppDelegate.swift; sourceTree = "<group>"; };
		9C1FBED42368256700FFADF7 /* SceneDelegate.swift */ = {isa = PBXFileReference; lastKnownFileType = sourcecode.swift; path = SceneDelegate.swift; sourceTree = "<group>"; };
		9C1FBED62368256700FFADF7 /* ViewController.swift */ = {isa = PBXFileReference; lastKnownFileType = sourcecode.swift; path = ViewController.swift; sourceTree = "<group>"; };
		9C1FBED92368256700FFADF7 /* Base */ = {isa = PBXFileReference; lastKnownFileType = file.storyboard; name = Base; path = Base.lproj/Main.storyboard; sourceTree = "<group>"; };
		9C1FBEDC2368256700FFADF7 /* MartianDemoApp.xcdatamodel */ = {isa = PBXFileReference; lastKnownFileType = wrapper.xcdatamodel; path = MartianDemoApp.xcdatamodel; sourceTree = "<group>"; };
		9C1FBEDE2368256A00FFADF7 /* Assets.xcassets */ = {isa = PBXFileReference; lastKnownFileType = folder.assetcatalog; path = Assets.xcassets; sourceTree = "<group>"; };
		9C1FBEE12368256A00FFADF7 /* Base */ = {isa = PBXFileReference; lastKnownFileType = file.storyboard; name = Base; path = Base.lproj/LaunchScreen.storyboard; sourceTree = "<group>"; };
		9C1FBEE32368256A00FFADF7 /* Info.plist */ = {isa = PBXFileReference; lastKnownFileType = text.plist.xml; path = Info.plist; sourceTree = "<group>"; };
/* End PBXFileReference section */

/* Begin PBXFrameworksBuildPhase section */
		9C1FBECC2368256700FFADF7 /* Frameworks */ = {
			isa = PBXFrameworksBuildPhase;
			buildActionMask = 2147483647;
			files = (
			);
			runOnlyForDeploymentPostprocessing = 0;
		};
/* End PBXFrameworksBuildPhase section */

/* Begin PBXGroup section */
		9C1FBEC62368256700FFADF7 = {
			isa = PBXGroup;
			children = (
				9C1FBED12368256700FFADF7 /* MartianDemoApp */,
				9C1FBED02368256700FFADF7 /* Products */,
			);
			sourceTree = "<group>";
		};
		9C1FBED02368256700FFADF7 /* Products */ = {
			isa = PBXGroup;
			children = (
				9C1FBECF2368256700FFADF7 /* MartianDemoApp.app */,
			);
			name = Products;
			sourceTree = "<group>";
		};
		9C1FBED12368256700FFADF7 /* MartianDemoApp */ = {
			isa = PBXGroup;
			children = (
				9C1FBED22368256700FFADF7 /* AppDelegate.swift */,
				9C1FBED42368256700FFADF7 /* SceneDelegate.swift */,
				9C1FBED62368256700FFADF7 /* ViewController.swift */,
				9C1FBED82368256700FFADF7 /* Main.storyboard */,
				9C1FBEDE2368256A00FFADF7 /* Assets.xcassets */,
				9C1FBEE02368256A00FFADF7 /* LaunchScreen.storyboard */,
				9C1FBEE32368256A00FFADF7 /* Info.plist */,
				9C1FBEDB2368256700FFADF7 /* MartianDemoApp.xcdatamodeld */,
			);
			path = MartianDemoApp;
			sourceTree = "<group>";
		};
/* End PBXGroup section */

/* Begin PBXNativeTarget section */
		9C1FBECE2368256700FFADF7 /* MartianDemoApp */ = {
			isa = PBXNativeTarget;
			buildConfigurationList = 9C1FBEE62368256A00FFADF7 /* Build configuration list for PBXNativeTarget "MartianDemoApp" */;
			buildPhases = (
				9C1FBECB2368256700FFADF7 /* Sources */,
				9C1FBECC2368256700FFADF7 /* Frameworks */,
				9C1FBECD2368256700FFADF7 /* Resources */,
			);
			buildRules = (
			);
			dependencies = (
			);
			name = MartianDemoApp;
			productName = MartianDemoApp;
			productReference = 9C1FBECF2368256700FFADF7 /* MartianDemoApp.app */;
			productType = "com.apple.product-type.application";
		};
/* End PBXNativeTarget section */

/* Begin PBXProject section */
		9C1FBEC72368256700FFADF7 /* Project object */ = {
			isa = PBXProject;
			attributes = {
				LastSwiftUpdateCheck = 1100;
				LastUpgradeCheck = 1100;
				ORGANIZATIONNAME = "Marina Huber";
				TargetAttributes = {
					9C1FBECE2368256700FFADF7 = {
						CreatedOnToolsVersion = 11.0;
					};
				};
			};
			buildConfigurationList = 9C1FBECA2368256700FFADF7 /* Build configuration list for PBXProject "MartianDemoApp" */;
			compatibilityVersion = "Xcode 9.3";
			developmentRegion = en;
			hasScannedForEncodings = 0;
			knownRegions = (
				en,
				Base,
			);
			mainGroup = 9C1FBEC62368256700FFADF7;
			productRefGroup = 9C1FBED02368256700FFADF7 /* Products */;
			projectDirPath = "";
			projectRoot = "";
			targets = (
				9C1FBECE2368256700FFADF7 /* MartianDemoApp */,
			);
		};
/* End PBXProject section */

/* Begin PBXResourcesBuildPhase section */
		9C1FBECD2368256700FFADF7 /* Resources */ = {
			isa = PBXResourcesBuildPhase;
			buildActionMask = 2147483647;
			files = (
				9C1FBEE22368256A00FFADF7 /* LaunchScreen.storyboard in Resources */,
				9C1FBEDF2368256A00FFADF7 /* Assets.xcassets in Resources */,
				9C1FBEDA2368256700FFADF7 /* Main.storyboard in Resources */,
			);
			runOnlyForDeploymentPostprocessing = 0;
		};
/* End PBXResourcesBuildPhase section */

/* Begin PBXSourcesBuildPhase section */
		9C1FBECB2368256700FFADF7 /* Sources */ = {
			isa = PBXSourcesBuildPhase;
			buildActionMask = 2147483647;
			files = (
				9C1FBED72368256700FFADF7 /* ViewController.swift in Sources */,
				9C1FBEDD2368256700FFADF7 /* MartianDemoApp.xcdatamodeld in Sources */,
				9C1FBED32368256700FFADF7 /* AppDelegate.swift in Sources */,
				9C1FBED52368256700FFADF7 /* SceneDelegate.swift in Sources */,
			);
			runOnlyForDeploymentPostprocessing = 0;
		};
/* End PBXSourcesBuildPhase section */

/* Begin PBXVariantGroup section */
		9C1FBED82368256700FFADF7 /* Main.storyboard */ = {
			isa = PBXVariantGroup;
			children = (
				9C1FBED92368256700FFADF7 /* Base */,
			);
			name = Main.storyboard;
			sourceTree = "<group>";
		};
		9C1FBEE02368256A00FFADF7 /* LaunchScreen.storyboard */ = {
			isa = PBXVariantGroup;
			children = (
				9C1FBEE12368256A00FFADF7 /* Base */,
			);
			name = LaunchScreen.storyboard;
			sourceTree = "<group>";
		};
/* End PBXVariantGroup section */

/* Begin XCBuildConfiguration section */
		9C1FBEE42368256A00FFADF7 /* Debug */ = {
			isa = XCBuildConfiguration;
			buildSettings = {
				ALWAYS_SEARCH_USER_PATHS = NO;
				CLANG_ANALYZER_NONNULL = YES;
				CLANG_ANALYZER_NUMBER_OBJECT_CONVERSION = YES_AGGRESSIVE;
				CLANG_CXX_LANGUAGE_STANDARD = "gnu++14";
				CLANG_CXX_LIBRARY = "libc++";
				CLANG_ENABLE_MODULES = YES;
				CLANG_ENABLE_OBJC_ARC = YES;
				CLANG_ENABLE_OBJC_WEAK = YES;
				CLANG_WARN_BLOCK_CAPTURE_AUTORELEASING = YES;
				CLANG_WARN_BOOL_CONVERSION = YES;
				CLANG_WARN_COMMA = YES;
				CLANG_WARN_CONSTANT_CONVERSION = YES;
				CLANG_WARN_DEPRECATED_OBJC_IMPLEMENTATIONS = YES;
				CLANG_WARN_DIRECT_OBJC_ISA_USAGE = YES_ERROR;
				CLANG_WARN_DOCUMENTATION_COMMENTS = YES;
				CLANG_WARN_EMPTY_BODY = YES;
				CLANG_WARN_ENUM_CONVERSION = YES;
				CLANG_WARN_INFINITE_RECURSION = YES;
				CLANG_WARN_INT_CONVERSION = YES;
				CLANG_WARN_NON_LITERAL_NULL_CONVERSION = YES;
				CLANG_WARN_OBJC_IMPLICIT_RETAIN_SELF = YES;
				CLANG_WARN_OBJC_LITERAL_CONVERSION = YES;
				CLANG_WARN_OBJC_ROOT_CLASS = YES_ERROR;
				CLANG_WARN_RANGE_LOOP_ANALYSIS = YES;
				CLANG_WARN_STRICT_PROTOTYPES = YES;
				CLANG_WARN_SUSPICIOUS_MOVE = YES;
				CLANG_WARN_UNGUARDED_AVAILABILITY = YES_AGGRESSIVE;
				CLANG_WARN_UNREACHABLE_CODE = YES;
				CLANG_WARN__DUPLICATE_METHOD_MATCH = YES;
				COPY_PHASE_STRIP = NO;
				DEBUG_INFORMATION_FORMAT = dwarf;
				ENABLE_STRICT_OBJC_MSGSEND = YES;
				ENABLE_TESTABILITY = YES;
				GCC_C_LANGUAGE_STANDARD = gnu11;
				GCC_DYNAMIC_NO_PIC = NO;
				GCC_NO_COMMON_BLOCKS = YES;
				GCC_OPTIMIZATION_LEVEL = 0;
				GCC_PREPROCESSOR_DEFINITIONS = (
					"DEBUG=1",
					"$(inherited)",
				);
				GCC_WARN_64_TO_32_BIT_CONVERSION = YES;
				GCC_WARN_ABOUT_RETURN_TYPE = YES_ERROR;
				GCC_WARN_UNDECLARED_SELECTOR = YES;
				GCC_WARN_UNINITIALIZED_AUTOS = YES_AGGRESSIVE;
				GCC_WARN_UNUSED_FUNCTION = YES;
				GCC_WARN_UNUSED_VARIABLE = YES;
				IPHONEOS_DEPLOYMENT_TARGET = 13.0;
				MTL_ENABLE_DEBUG_INFO = INCLUDE_SOURCE;
				MTL_FAST_MATH = YES;
				ONLY_ACTIVE_ARCH = YES;
				SDKROOT = iphoneos;
				SWIFT_ACTIVE_COMPILATION_CONDITIONS = DEBUG;
				SWIFT_OPTIMIZATION_LEVEL = "-Onone";
			};
			name = Debug;
		};
		9C1FBEE52368256A00FFADF7 /* Release */ = {
			isa = XCBuildConfiguration;
			buildSettings = {
				ALWAYS_SEARCH_USER_PATHS = NO;
				CLANG_ANALYZER_NONNULL = YES;
				CLANG_ANALYZER_NUMBER_OBJECT_CONVERSION = YES_AGGRESSIVE;
				CLANG_CXX_LANGUAGE_STANDARD = "gnu++14";
				CLANG_CXX_LIBRARY = "libc++";
				CLANG_ENABLE_MODULES = YES;
				CLANG_ENABLE_OBJC_ARC = YES;
				CLANG_ENABLE_OBJC_WEAK = YES;
				CLANG_WARN_BLOCK_CAPTURE_AUTORELEASING = YES;
				CLANG_WARN_BOOL_CONVERSION = YES;
				CLANG_WARN_COMMA = YES;
				CLANG_WARN_CONSTANT_CONVERSION = YES;
				CLANG_WARN_DEPRECATED_OBJC_IMPLEMENTATIONS = YES;
				CLANG_WARN_DIRECT_OBJC_ISA_USAGE = YES_ERROR;
				CLANG_WARN_DOCUMENTATION_COMMENTS = YES;
				CLANG_WARN_EMPTY_BODY = YES;
				CLANG_WARN_ENUM_CONVERSION = YES;
				CLANG_WARN_INFINITE_RECURSION = YES;
				CLANG_WARN_INT_CONVERSION = YES;
				CLANG_WARN_NON_LITERAL_NULL_CONVERSION = YES;
				CLANG_WARN_OBJC_IMPLICIT_RETAIN_SELF = YES;
				CLANG_WARN_OBJC_LITERAL_CONVERSION = YES;
				CLANG_WARN_OBJC_ROOT_CLASS = YES_ERROR;
				CLANG_WARN_RANGE_LOOP_ANALYSIS = YES;
				CLANG_WARN_STRICT_PROTOTYPES = YES;
				CLANG_WARN_SUSPICIOUS_MOVE = YES;
				CLANG_WARN_UNGUARDED_AVAILABILITY = YES_AGGRESSIVE;
				CLANG_WARN_UNREACHABLE_CODE = YES;
				CLANG_WARN__DUPLICATE_METHOD_MATCH = YES;
				COPY_PHASE_STRIP = NO;
				DEBUG_INFORMATION_FORMAT = "dwarf-with-dsym";
				ENABLE_NS_ASSERTIONS = NO;
				ENABLE_STRICT_OBJC_MSGSEND = YES;
				GCC_C_LANGUAGE_STANDARD = gnu11;
				GCC_NO_COMMON_BLOCKS = YES;
				GCC_WARN_64_TO_32_BIT_CONVERSION = YES;
				GCC_WARN_ABOUT_RETURN_TYPE = YES_ERROR;
				GCC_WARN_UNDECLARED_SELECTOR = YES;
				GCC_WARN_UNINITIALIZED_AUTOS = YES_AGGRESSIVE;
				GCC_WARN_UNUSED_FUNCTION = YES;
				GCC_WARN_UNUSED_VARIABLE = YES;
				IPHONEOS_DEPLOYMENT_TARGET = 13.0;
				MTL_ENABLE_DEBUG_INFO = NO;
				MTL_FAST_MATH = YES;
				SDKROOT = iphoneos;
				SWIFT_COMPILATION_MODE = wholemodule;
				SWIFT_OPTIMIZATION_LEVEL = "-O";
				VALIDATE_PRODUCT = YES;
			};
			name = Release;
		};
		9C1FBEE72368256A00FFADF7 /* Debug */ = {
			isa = XCBuildConfiguration;
			buildSettings = {
				ASSETCATALOG_COMPILER_APPICON_NAME = AppIcon;
				CODE_SIGN_STYLE = Automatic;
				DEVELOPMENT_TEAM = HBS2B82CVU;
				INFOPLIST_FILE = MartianDemoApp/Info.plist;
				LD_RUNPATH_SEARCH_PATHS = (
					"$(inherited)",
					"@executable_path/Frameworks",
				);
				PRODUCT_BUNDLE_IDENTIFIER = com.marinahuber.MartianDemoApp;
				PRODUCT_NAME = "$(TARGET_NAME)";
				SWIFT_VERSION = 5.0;
				TARGETED_DEVICE_FAMILY = "1,2";
			};
			name = Debug;
		};
		9C1FBEE82368256A00FFADF7 /* Release */ = {
			isa = XCBuildConfiguration;
			buildSettings = {
				ASSETCATALOG_COMPILER_APPICON_NAME = AppIcon;
				CODE_SIGN_STYLE = Automatic;
				DEVELOPMENT_TEAM = HBS2B82CVU;
				INFOPLIST_FILE = MartianDemoApp/Info.plist;
				LD_RUNPATH_SEARCH_PATHS = (
					"$(inherited)",
					"@executable_path/Frameworks",
				);
				PRODUCT_BUNDLE_IDENTIFIER = com.marinahuber.MartianDemoApp;
				PRODUCT_NAME = "$(TARGET_NAME)";
				SWIFT_VERSION = 5.0;
				TARGETED_DEVICE_FAMILY = "1,2";
			};
			name = Release;
		};
/* End XCBuildConfiguration section */

/* Begin XCConfigurationList section */
		9C1FBECA2368256700FFADF7 /* Build configuration list for PBXProject "MartianDemoApp" */ = {
			isa = XCConfigurationList;
			buildConfigurations = (
				9C1FBEE42368256A00FFADF7 /* Debug */,
				9C1FBEE52368256A00FFADF7 /* Release */,
			);
			defaultConfigurationIsVisible = 0;
			defaultConfigurationName = Release;
		};
		9C1FBEE62368256A00FFADF7 /* Build configuration list for PBXNativeTarget "MartianDemoApp" */ = {
			isa = XCConfigurationList;
			buildConfigurations = (
				9C1FBEE72368256A00FFADF7 /* Debug */,
				9C1FBEE82368256A00FFADF7 /* Release */,
			);
			defaultConfigurationIsVisible = 0;
			defaultConfigurationName = Release;
		};
/* End XCConfigurationList section */

/* Begin XCVersionGroup section */
		9C1FBEDB2368256700FFADF7 /* MartianDemoApp.xcdatamodeld */ = {
			isa = XCVersionGroup;
			children = (
				9C1FBEDC2368256700FFADF7 /* MartianDemoApp.xcdatamodel */,
			);
			currentVersion = 9C1FBEDC2368256700FFADF7 /* MartianDemoApp.xcdatamodel */;
			path = MartianDemoApp.xcdatamodeld;
			sourceTree = "<group>";
			versionGroupType = wrapper.xcdatamodel;
		};
/* End XCVersionGroup section */
	};
	rootObject = 9C1FBEC72368256700FFADF7 /* Project object */;
}
